// !$*UTF8*$!
{
	archiveVersion = 1;
	classes = {
	};
	objectVersion = 48;
	objects = {

/* Begin PBXBuildFile section */
		7005619D1F483E3300FE24F5 /* AppDelegate.swift in Sources */ = {isa = PBXBuildFile; fileRef = 7005619C1F483E3300FE24F5 /* AppDelegate.swift */; };
		7005619F1F483E3300FE24F5 /* WelcomeVC.swift in Sources */ = {isa = PBXBuildFile; fileRef = 7005619E1F483E3300FE24F5 /* WelcomeVC.swift */; };
		700561A21F483E3300FE24F5 /* Main.storyboard in Resources */ = {isa = PBXBuildFile; fileRef = 700561A01F483E3300FE24F5 /* Main.storyboard */; };
		700561A41F483E3300FE24F5 /* Assets.xcassets in Resources */ = {isa = PBXBuildFile; fileRef = 700561A31F483E3300FE24F5 /* Assets.xcassets */; };
		700561A71F483E3300FE24F5 /* LaunchScreen.storyboard in Resources */ = {isa = PBXBuildFile; fileRef = 700561A51F483E3300FE24F5 /* LaunchScreen.storyboard */; };
		700561B01F4846B700FE24F5 /* BorderButton.swift in Sources */ = {isa = PBXBuildFile; fileRef = 700561AF1F4846B700FE24F5 /* BorderButton.swift */; };
		700561B41F4AD6F200FE24F5 /* LeagueVC.swift in Sources */ = {isa = PBXBuildFile; fileRef = 700561B31F4AD6F200FE24F5 /* LeagueVC.swift */; };
		700561B61F4AD71800FE24F5 /* SkillVC.swift in Sources */ = {isa = PBXBuildFile; fileRef = 700561B51F4AD71800FE24F5 /* SkillVC.swift */; };
		700561B81F4AE5CC00FE24F5 /* Player.swift in Sources */ = {isa = PBXBuildFile; fileRef = 700561B71F4AE5CC00FE24F5 /* Player.swift */; };
/* End PBXBuildFile section */

/* Begin PBXFileReference section */
		700561991F483E3300FE24F5 /* app-swoosh.app */ = {isa = PBXFileReference; explicitFileType = wrapper.application; includeInIndex = 0; path = "app-swoosh.app"; sourceTree = BUILT_PRODUCTS_DIR; };
		7005619C1F483E3300FE24F5 /* AppDelegate.swift */ = {isa = PBXFileReference; lastKnownFileType = sourcecode.swift; path = AppDelegate.swift; sourceTree = "<group>"; };
		7005619E1F483E3300FE24F5 /* WelcomeVC.swift */ = {isa = PBXFileReference; lastKnownFileType = sourcecode.swift; path = WelcomeVC.swift; sourceTree = "<group>"; };
		700561A11F483E3300FE24F5 /* Base */ = {isa = PBXFileReference; lastKnownFileType = file.storyboard; name = Base; path = Base.lproj/Main.storyboard; sourceTree = "<group>"; };
		700561A31F483E3300FE24F5 /* Assets.xcassets */ = {isa = PBXFileReference; lastKnownFileType = folder.assetcatalog; path = Assets.xcassets; sourceTree = "<group>"; };
		700561A61F483E3300FE24F5 /* Base */ = {isa = PBXFileReference; lastKnownFileType = file.storyboard; name = Base; path = Base.lproj/LaunchScreen.storyboard; sourceTree = "<group>"; };
		700561A81F483E3300FE24F5 /* Info.plist */ = {isa = PBXFileReference; lastKnownFileType = text.plist.xml; path = Info.plist; sourceTree = "<group>"; };
		700561AF1F4846B700FE24F5 /* BorderButton.swift */ = {isa = PBXFileReference; lastKnownFileType = sourcecode.swift; path = BorderButton.swift; sourceTree = "<group>"; };
		700561B31F4AD6F200FE24F5 /* LeagueVC.swift */ = {isa = PBXFileReference; lastKnownFileType = sourcecode.swift; path = LeagueVC.swift; sourceTree = "<group>"; };
		700561B51F4AD71800FE24F5 /* SkillVC.swift */ = {isa = PBXFileReference; lastKnownFileType = sourcecode.swift; path = SkillVC.swift; sourceTree = "<group>"; };
		700561B71F4AE5CC00FE24F5 /* Player.swift */ = {isa = PBXFileReference; lastKnownFileType = sourcecode.swift; path = Player.swift; sourceTree = "<group>"; };
/* End PBXFileReference section */

/* Begin PBXFrameworksBuildPhase section */
		700561961F483E3300FE24F5 /* Frameworks */ = {
			isa = PBXFrameworksBuildPhase;
			buildActionMask = 2147483647;
			files = (
			);
			runOnlyForDeploymentPostprocessing = 0;
		};
/* End PBXFrameworksBuildPhase section */

/* Begin PBXGroup section */
		700561901F483E3300FE24F5 = {
			isa = PBXGroup;
			children = (
				7005619B1F483E3300FE24F5 /* app-swoosh */,
				7005619A1F483E3300FE24F5 /* Products */,
			);
			sourceTree = "<group>";
		};
		7005619A1F483E3300FE24F5 /* Products */ = {
			isa = PBXGroup;
			children = (
				700561991F483E3300FE24F5 /* app-swoosh.app */,
			);
			name = Products;
			sourceTree = "<group>";
		};
		7005619B1F483E3300FE24F5 /* app-swoosh */ = {
			isa = PBXGroup;
			children = (
				700561B21F4AD5BE00FE24F5 /* Model */,
				700561B11F4AD5B000FE24F5 /* Controller */,
				700561AE1F48462700FE24F5 /* View */,
				7005619C1F483E3300FE24F5 /* AppDelegate.swift */,
				700561A01F483E3300FE24F5 /* Main.storyboard */,
				700561A31F483E3300FE24F5 /* Assets.xcassets */,
				700561A51F483E3300FE24F5 /* LaunchScreen.storyboard */,
				700561A81F483E3300FE24F5 /* Info.plist */,
			);
			path = "app-swoosh";
			sourceTree = "<group>";
		};
		700561AE1F48462700FE24F5 /* View */ = {
			isa = PBXGroup;
			children = (
				700561AF1F4846B700FE24F5 /* BorderButton.swift */,
			);
			path = View;
			sourceTree = "<group>";
		};
		700561B11F4AD5B000FE24F5 /* Controller */ = {
			isa = PBXGroup;
			children = (
				7005619E1F483E3300FE24F5 /* WelcomeVC.swift */,
				700561B31F4AD6F200FE24F5 /* LeagueVC.swift */,
				700561B51F4AD71800FE24F5 /* SkillVC.swift */,
			);
			path = Controller;
			sourceTree = "<group>";
		};
		700561B21F4AD5BE00FE24F5 /* Model */ = {
			isa = PBXGroup;
			children = (
				700561B71F4AE5CC00FE24F5 /* Player.swift */,
			);
			path = Model;
			sourceTree = "<group>";
		};
/* End PBXGroup section */

/* Begin PBXNativeTarget section */
		700561981F483E3300FE24F5 /* app-swoosh */ = {
			isa = PBXNativeTarget;
			buildConfigurationList = 700561AB1F483E3300FE24F5 /* Build configuration list for PBXNativeTarget "app-swoosh" */;
			buildPhases = (
				700561951F483E3300FE24F5 /* Sources */,
				700561961F483E3300FE24F5 /* Frameworks */,
				700561971F483E3300FE24F5 /* Resources */,
			);
			buildRules = (
			);
			dependencies = (
			);
			name = "app-swoosh";
			productName = "app-swoosh";
			productReference = 700561991F483E3300FE24F5 /* app-swoosh.app */;
			productType = "com.apple.product-type.application";
		};
/* End PBXNativeTarget section */

/* Begin PBXProject section */
		700561911F483E3300FE24F5 /* Project object */ = {
			isa = PBXProject;
			attributes = {
				LastSwiftUpdateCheck = 0900;
				LastUpgradeCheck = 0900;
				ORGANIZATIONNAME = "Mateusz Tim";
				TargetAttributes = {
					700561981F483E3300FE24F5 = {
						CreatedOnToolsVersion = 9.0;
					};
				};
			};
			buildConfigurationList = 700561941F483E3300FE24F5 /* Build configuration list for PBXProject "app-swoosh" */;
			compatibilityVersion = "Xcode 8.0";
			developmentRegion = en;
			hasScannedForEncodings = 0;
			knownRegions = (
				en,
				Base,
			);
			mainGroup = 700561901F483E3300FE24F5;
			productRefGroup = 7005619A1F483E3300FE24F5 /* Products */;
			projectDirPath = "";
			projectRoot = "";
			targets = (
				700561981F483E3300FE24F5 /* app-swoosh */,
			);
		};
/* End PBXProject section */

/* Begin PBXResourcesBuildPhase section */
		700561971F483E3300FE24F5 /* Resources */ = {
			isa = PBXResourcesBuildPhase;
			buildActionMask = 2147483647;
			files = (
				700561A71F483E3300FE24F5 /* LaunchScreen.storyboard in Resources */,
				700561A41F483E3300FE24F5 /* Assets.xcassets in Resources */,
				700561A21F483E3300FE24F5 /* Main.storyboard in Resources */,
			);
			runOnlyForDeploymentPostprocessing = 0;
		};
/* End PBXResourcesBuildPhase section */

/* Begin PBXSourcesBuildPhase section */
		700561951F483E3300FE24F5 /* Sources */ = {
			isa = PBXSourcesBuildPhase;
			buildActionMask = 2147483647;
			files = (
				7005619F1F483E3300FE24F5 /* WelcomeVC.swift in Sources */,
				700561B41F4AD6F200FE24F5 /* LeagueVC.swift in Sources */,
				7005619D1F483E3300FE24F5 /* AppDelegate.swift in Sources */,
				700561B61F4AD71800FE24F5 /* SkillVC.swift in Sources */,
				700561B81F4AE5CC00FE24F5 /* Player.swift in Sources */,
				700561B01F4846B700FE24F5 /* BorderButton.swift in Sources */,
			);
			runOnlyForDeploymentPostprocessing = 0;
		};
/* End PBXSourcesBuildPhase section */

/* Begin PBXVariantGroup section */
		700561A01F483E3300FE24F5 /* Main.storyboard */ = {
			isa = PBXVariantGroup;
			children = (
				700561A11F483E3300FE24F5 /* Base */,
			);
			name = Main.storyboard;
			sourceTree = "<group>";
		};
		700561A51F483E3300FE24F5 /* LaunchScreen.storyboard */ = {
			isa = PBXVariantGroup;
			children = (
				700561A61F483E3300FE24F5 /* Base */,
			);
			name = LaunchScreen.storyboard;
			sourceTree = "<group>";
		};
/* End PBXVariantGroup section */

/* Begin XCBuildConfiguration section */
		700561A91F483E3300FE24F5 /* Debug */ = {
			isa = XCBuildConfiguration;
			buildSettings = {
				ALWAYS_SEARCH_USER_PATHS = NO;
				CLANG_ANALYZER_NONNULL = YES;
				CLANG_ANALYZER_NUMBER_OBJECT_CONVERSION = YES_AGGRESSIVE;
				CLANG_CXX_LANGUAGE_STANDARD = "gnu++14";
				CLANG_CXX_LIBRARY = "libc++";
				CLANG_ENABLE_MODULES = YES;
				CLANG_ENABLE_OBJC_ARC = YES;
				CLANG_WARN_BLOCK_CAPTURE_AUTORELEASING = YES;
				CLANG_WARN_BOOL_CONVERSION = YES;
				CLANG_WARN_COMMA = YES;
				CLANG_WARN_CONSTANT_CONVERSION = YES;
				CLANG_WARN_DIRECT_OBJC_ISA_USAGE = YES_ERROR;
				CLANG_WARN_DOCUMENTATION_COMMENTS = YES;
				CLANG_WARN_EMPTY_BODY = YES;
				CLANG_WARN_ENUM_CONVERSION = YES;
				CLANG_WARN_INFINITE_RECURSION = YES;
				CLANG_WARN_INT_CONVERSION = YES;
				CLANG_WARN_NON_LITERAL_NULL_CONVERSION = YES;
				CLANG_WARN_OBJC_LITERAL_CONVERSION = YES;
				CLANG_WARN_OBJC_ROOT_CLASS = YES_ERROR;
				CLANG_WARN_RANGE_LOOP_ANALYSIS = YES;
				CLANG_WARN_STRICT_PROTOTYPES = YES;
				CLANG_WARN_SUSPICIOUS_MOVE = YES;
				CLANG_WARN_UNGUARDED_AVAILABILITY = YES_AGGRESSIVE;
				CLANG_WARN_UNREACHABLE_CODE = YES;
				CLANG_WARN__DUPLICATE_METHOD_MATCH = YES;
				CODE_SIGN_IDENTITY = "iPhone Developer";
				COPY_PHASE_STRIP = NO;
				DEBUG_INFORMATION_FORMAT = dwarf;
				ENABLE_STRICT_OBJC_MSGSEND = YES;
				ENABLE_TESTABILITY = YES;
				GCC_C_LANGUAGE_STANDARD = gnu11;
				GCC_DYNAMIC_NO_PIC = NO;
				GCC_NO_COMMON_BLOCKS = YES;
				GCC_OPTIMIZATION_LEVEL = 0;
				GCC_PREPROCESSOR_DEFINITIONS = (
					"DEBUG=1",
					"$(inherited)",
				);
				GCC_WARN_64_TO_32_BIT_CONVERSION = YES;
				GCC_WARN_ABOUT_RETURN_TYPE = YES_ERROR;
				GCC_WARN_UNDECLARED_SELECTOR = YES;
				GCC_WARN_UNINITIALIZED_AUTOS = YES_AGGRESSIVE;
				GCC_WARN_UNUSED_FUNCTION = YES;
				GCC_WARN_UNUSED_VARIABLE = YES;
				IPHONEOS_DEPLOYMENT_TARGET = 11.0;
				MTL_ENABLE_DEBUG_INFO = YES;
				ONLY_ACTIVE_ARCH = YES;
				SDKROOT = iphoneos;
				SWIFT_ACTIVE_COMPILATION_CONDITIONS = DEBUG;
				SWIFT_OPTIMIZATION_LEVEL = "-Onone";
			};
			name = Debug;
		};
		700561AA1F483E3300FE24F5 /* Release */ = {
			isa = XCBuildConfiguration;
			buildSettings = {
				ALWAYS_SEARCH_USER_PATHS = NO;
				CLANG_ANALYZER_NONNULL = YES;
				CLANG_ANALYZER_NUMBER_OBJECT_CONVERSION = YES_AGGRESSIVE;
				CLANG_CXX_LANGUAGE_STANDARD = "gnu++14";
				CLANG_CXX_LIBRARY = "libc++";
				CLANG_ENABLE_MODULES = YES;
				CLANG_ENABLE_OBJC_ARC = YES;
				CLANG_WARN_BLOCK_CAPTURE_AUTORELEASING = YES;
				CLANG_WARN_BOOL_CONVERSION = YES;
				CLANG_WARN_COMMA = YES;
				CLANG_WARN_CONSTANT_CONVERSION = YES;
				CLANG_WARN_DIRECT_OBJC_ISA_USAGE = YES_ERROR;
				CLANG_WARN_DOCUMENTATION_COMMENTS = YES;
				CLANG_WARN_EMPTY_BODY = YES;
				CLANG_WARN_ENUM_CONVERSION = YES;
				CLANG_WARN_INFINITE_RECURSION = YES;
				CLANG_WARN_INT_CONVERSION = YES;
				CLANG_WARN_NON_LITERAL_NULL_CONVERSION = YES;
				CLANG_WARN_OBJC_LITERAL_CONVERSION = YES;
				CLANG_WARN_OBJC_ROOT_CLASS = YES_ERROR;
				CLANG_WARN_RANGE_LOOP_ANALYSIS = YES;
				CLANG_WARN_STRICT_PROTOTYPES = YES;
				CLANG_WARN_SUSPICIOUS_MOVE = YES;
				CLANG_WARN_UNGUARDED_AVAILABILITY = YES_AGGRESSIVE;
				CLANG_WARN_UNREACHABLE_CODE = YES;
				CLANG_WARN__DUPLICATE_METHOD_MATCH = YES;
				CODE_SIGN_IDENTITY = "iPhone Developer";
				COPY_PHASE_STRIP = NO;
				DEBUG_INFORMATION_FORMAT = "dwarf-with-dsym";
				ENABLE_NS_ASSERTIONS = NO;
				ENABLE_STRICT_OBJC_MSGSEND = YES;
				GCC_C_LANGUAGE_STANDARD = gnu11;
				GCC_NO_COMMON_BLOCKS = YES;
				GCC_WARN_64_TO_32_BIT_CONVERSION = YES;
				GCC_WARN_ABOUT_RETURN_TYPE = YES_ERROR;
				GCC_WARN_UNDECLARED_SELECTOR = YES;
				GCC_WARN_UNINITIALIZED_AUTOS = YES_AGGRESSIVE;
				GCC_WARN_UNUSED_FUNCTION = YES;
				GCC_WARN_UNUSED_VARIABLE = YES;
				IPHONEOS_DEPLOYMENT_TARGET = 11.0;
				MTL_ENABLE_DEBUG_INFO = NO;
				SDKROOT = iphoneos;
				SWIFT_OPTIMIZATION_LEVEL = "-Owholemodule";
				VALIDATE_PRODUCT = YES;
			};
			name = Release;
		};
		700561AC1F483E3300FE24F5 /* Debug */ = {
			isa = XCBuildConfiguration;
			buildSettings = {
				ASSETCATALOG_COMPILER_APPICON_NAME = AppIcon;
				INFOPLIST_FILE = "app-swoosh/Info.plist";
				LD_RUNPATH_SEARCH_PATHS = "$(inherited) @executable_path/Frameworks";
				PRODUCT_BUNDLE_IDENTIFIER = "com.mTim.app-swoosh";
				PRODUCT_NAME = "$(TARGET_NAME)";
				SWIFT_VERSION = 4.0;
				TARGETED_DEVICE_FAMILY = "1,2";
			};
			name = Debug;
		};
		700561AD1F483E3300FE24F5 /* Release */ = {
			isa = XCBuildConfiguration;
			buildSettings = {
				ASSETCATALOG_COMPILER_APPICON_NAME = AppIcon;
				INFOPLIST_FILE = "app-swoosh/Info.plist";
				LD_RUNPATH_SEARCH_PATHS = "$(inherited) @executable_path/Frameworks";
				PRODUCT_BUNDLE_IDENTIFIER = "com.mTim.app-swoosh";
				PRODUCT_NAME = "$(TARGET_NAME)";
				SWIFT_VERSION = 4.0;
				TARGETED_DEVICE_FAMILY = "1,2";
			};
			name = Release;
		};
/* End XCBuildConfiguration section */

/* Begin XCConfigurationList section */
		700561941F483E3300FE24F5 /* Build configuration list for PBXProject "app-swoosh" */ = {
			isa = XCConfigurationList;
			buildConfigurations = (
				700561A91F483E3300FE24F5 /* Debug */,
				700561AA1F483E3300FE24F5 /* Release */,
			);
			defaultConfigurationIsVisible = 0;
			defaultConfigurationName = Release;
		};
		700561AB1F483E3300FE24F5 /* Build configuration list for PBXNativeTarget "app-swoosh" */ = {
			isa = XCConfigurationList;
			buildConfigurations = (
				700561AC1F483E3300FE24F5 /* Debug */,
				700561AD1F483E3300FE24F5 /* Release */,
			);
			defaultConfigurationIsVisible = 0;
			defaultConfigurationName = Release;
		};
/* End XCConfigurationList section */
	};
	rootObject = 700561911F483E3300FE24F5 /* Project object */;
}
